{
  "name": "jfrog.cli.temp.-1698141135-3813292973",
  "lockfileVersion": 3,
  "requires": true,
  "packages": {
    "": {
      "dependencies": {
        "snyk": "^1.1064.0"
      }
    },
    "node_modules/snyk": {
      "version": "1.1064.0",
      "resolved": "https://entplus.jfrog.io/artifactory/api/npm/bapps-npm-virtual/snyk/-/snyk-1.1064.0.tgz",
      "integrity": "sha512-f9mNO5rUc5nVVZ1sN+do2i5/RGHKlOQoNk5HiEO9WkPEn2pFllJv2XAw5Bn7sFj1eLXNFVUOUlo6SVqGnX7lXw==",
      "bin": {
        "snyk": "bin/snyk"
      },
      "engines": {
        "node": ">=12"
      }
    }
  }
}
